
Microsoft Visual Studio Solution File, Format Version 12.00
# Visual Studio Version 17
VisualStudioVersion = 17.10.35201.131
MinimumVisualStudioVersion = 10.0.40219.1
Project("{FAE04EC0-301F-11D3-BF4B-00C04F79EFBC}") = "BestStoriesApi", "BestStoriesApi\BestStoriesApi.csproj", "{9A8C16F3-4A2C-4719-AA2D-9AF71D66DF45}"
EndProject
Project("{FAE04EC0-301F-11D3-BF4B-00C04F79EFBC}") = "Tests", "Tests\Tests.csproj", "{57A8EE33-A5BE-4A7B-97DF-E6D473628AC1}"
EndProject
Global
	GlobalSection(SolutionConfigurationPlatforms) = preSolution
		Debug|Any CPU = Debug|Any CPU
		Release|Any CPU = Release|Any CPU
	EndGlobalSection
	GlobalSection(ProjectConfigurationPlatforms) = postSolution
		{9A8C16F3-4A2C-4719-AA2D-9AF71D66DF45}.Debug|Any CPU.ActiveCfg = Debug|Any CPU
		{9A8C16F3-4A2C-4719-AA2D-9AF71D66DF45}.Debug|Any CPU.Build.0 = Debug|Any CPU
		{9A8C16F3-4A2C-4719-AA2D-9AF71D66DF45}.Release|Any CPU.ActiveCfg = Release|Any CPU
		{9A8C16F3-4A2C-4719-AA2D-9AF71D66DF45}.Release|Any CPU.Build.0 = Release|Any CPU
		{57A8EE33-A5BE-4A7B-97DF-E6D473628AC1}.Debug|Any CPU.ActiveCfg = Debug|Any CPU
		{57A8EE33-A5BE-4A7B-97DF-E6D473628AC1}.Debug|Any CPU.Build.0 = Debug|Any CPU
		{57A8EE33-A5BE-4A7B-97DF-E6D473628AC1}.Release|Any CPU.ActiveCfg = Release|Any CPU
		{57A8EE33-A5BE-4A7B-97DF-E6D473628AC1}.Release|Any CPU.Build.0 = Release|Any CPU
	EndGlobalSection
	GlobalSection(SolutionProperties) = preSolution
		HideSolutionNode = FALSE
	EndGlobalSection
	GlobalSection(ExtensibilityGlobals) = postSolution
		SolutionGuid = {4E50D2E0-9692-4BDE-AA77-11BA87729E67}
	EndGlobalSection
EndGlobal
